
Microsoft Visual Studio Solution File, Format Version 12.00
# Visual Studio Version 17
VisualStudioVersion = 17.7.34221.43
MinimumVisualStudioVersion = 10.0.40219.1
Project("{9A19103F-16F7-4668-BE54-9A1E7A4F7556}") = "CarInsuranceBot", "CarInsuranceBot\CarInsuranceBot.csproj", "{8696073B-3395-4BB7-AB36-1296D5A60061}"
EndProject
Project("{9A19103F-16F7-4668-BE54-9A1E7A4F7556}") = "CarInsuranceBot.Services", "CarInsuranceBot.Services\CarInsuranceBot.Services.csproj", "{FF015BB9-B10E-4CC2-9AD5-D1BB69E1CB6E}"
EndProject
Project("{FAE04EC0-301F-11D3-BF4B-00C04F79EFBC}") = "CarInsuranceBot.Core", "CarInsuranceBot.Core\CarInsuranceBot.Core.csproj", "{7CD5132E-544E-4BBE-A1E9-517F3428DD80}"
EndProject
Global
	GlobalSection(SolutionConfigurationPlatforms) = preSolution
		Debug|Any CPU = Debug|Any CPU
		Release|Any CPU = Release|Any CPU
	EndGlobalSection
	GlobalSection(ProjectConfigurationPlatforms) = postSolution
		{8696073B-3395-4BB7-AB36-1296D5A60061}.Debug|Any CPU.ActiveCfg = Debug|Any CPU
		{8696073B-3395-4BB7-AB36-1296D5A60061}.Debug|Any CPU.Build.0 = Debug|Any CPU
		{8696073B-3395-4BB7-AB36-1296D5A60061}.Release|Any CPU.ActiveCfg = Release|Any CPU
		{8696073B-3395-4BB7-AB36-1296D5A60061}.Release|Any CPU.Build.0 = Release|Any CPU
		{FF015BB9-B10E-4CC2-9AD5-D1BB69E1CB6E}.Debug|Any CPU.ActiveCfg = Debug|Any CPU
		{FF015BB9-B10E-4CC2-9AD5-D1BB69E1CB6E}.Debug|Any CPU.Build.0 = Debug|Any CPU
		{FF015BB9-B10E-4CC2-9AD5-D1BB69E1CB6E}.Release|Any CPU.ActiveCfg = Release|Any CPU
		{FF015BB9-B10E-4CC2-9AD5-D1BB69E1CB6E}.Release|Any CPU.Build.0 = Release|Any CPU
		{7CD5132E-544E-4BBE-A1E9-517F3428DD80}.Debug|Any CPU.ActiveCfg = Debug|Any CPU
		{7CD5132E-544E-4BBE-A1E9-517F3428DD80}.Debug|Any CPU.Build.0 = Debug|Any CPU
		{7CD5132E-544E-4BBE-A1E9-517F3428DD80}.Release|Any CPU.ActiveCfg = Release|Any CPU
		{7CD5132E-544E-4BBE-A1E9-517F3428DD80}.Release|Any CPU.Build.0 = Release|Any CPU
	EndGlobalSection
	GlobalSection(SolutionProperties) = preSolution
		HideSolutionNode = FALSE
	EndGlobalSection
	GlobalSection(ExtensibilityGlobals) = postSolution
		SolutionGuid = {C5EDE502-FBF8-4791-A1B2-77EB237EF283}
	EndGlobalSection
EndGlobal
